
Microsoft Visual Studio Solution File, Format Version 12.00
Project("{FAE04EC0-301F-11D3-BF4B-00C04F79EFBC}") = "PubSubServer", "PubSubServer\PubSubServer.csproj", "{FAC2F68F-58EA-49E2-AA6C-53D774A14B7F}"
EndProject
Project("{FAE04EC0-301F-11D3-BF4B-00C04F79EFBC}") = "SocketPublisher", "SocketPublisher\SocketPublisher.csproj", "{869516A0-A796-4345-8637-56DDAE086DA3}"
EndProject
Project("{FAE04EC0-301F-11D3-BF4B-00C04F79EFBC}") = "SocketSubscriber", "SocketSubscriber\SocketSubscriber.csproj", "{934814EF-D638-4848-A7AB-B1BA591A9106}"
EndProject
Global
	GlobalSection(SolutionConfigurationPlatforms) = preSolution
		Debug|Any CPU = Debug|Any CPU
		Release|Any CPU = Release|Any CPU
	EndGlobalSection
	GlobalSection(ProjectConfigurationPlatforms) = postSolution
		{FAC2F68F-58EA-49E2-AA6C-53D774A14B7F}.Debug|Any CPU.ActiveCfg = Debug|Any CPU
		{FAC2F68F-58EA-49E2-AA6C-53D774A14B7F}.Debug|Any CPU.Build.0 = Debug|Any CPU
		{FAC2F68F-58EA-49E2-AA6C-53D774A14B7F}.Release|Any CPU.ActiveCfg = Release|Any CPU
		{FAC2F68F-58EA-49E2-AA6C-53D774A14B7F}.Release|Any CPU.Build.0 = Release|Any CPU
		{869516A0-A796-4345-8637-56DDAE086DA3}.Debug|Any CPU.ActiveCfg = Debug|Any CPU
		{869516A0-A796-4345-8637-56DDAE086DA3}.Debug|Any CPU.Build.0 = Debug|Any CPU
		{869516A0-A796-4345-8637-56DDAE086DA3}.Release|Any CPU.ActiveCfg = Release|Any CPU
		{869516A0-A796-4345-8637-56DDAE086DA3}.Release|Any CPU.Build.0 = Release|Any CPU
		{934814EF-D638-4848-A7AB-B1BA591A9106}.Debug|Any CPU.ActiveCfg = Debug|Any CPU
		{934814EF-D638-4848-A7AB-B1BA591A9106}.Debug|Any CPU.Build.0 = Debug|Any CPU
		{934814EF-D638-4848-A7AB-B1BA591A9106}.Release|Any CPU.ActiveCfg = Release|Any CPU
		{934814EF-D638-4848-A7AB-B1BA591A9106}.Release|Any CPU.Build.0 = Release|Any CPU
	EndGlobalSection
EndGlobal
